{
  "version": 4,
  "terraform_version": "1.6.1",
  "serial": 1,
  "lineage": "c090db4b-78f8-4a05-1495-6ba067a6837f",
  "outputs": {},
  "resources": [
    {
      "mode": "managed",
      "type": "azurerm_virtual_network",
      "name": "example",
      "provider": "provider[\"registry.terraform.io/hashicorp/azurerm\"]",
      "instances": [
        {
          "schema_version": 0,
          "attributes": {
            "address_space": [
              "10.0.0.0/16"
            ],
            "bgp_community": "",
            "ddos_protection_plan": [],
            "dns_servers": [],
            "edge_zone": "",
            "encryption": [],
            "flow_timeout_in_minutes": 0,
            "guid": "ebddd889-3640-4286-9bbd-961e67715d8a",
            "id": "/subscriptions/ad4bb360-da20-4e8d-ab1b-7ad25c72173a/resourceGroups/Devops-insider-rg-02/providers/Microsoft.Network/virtualNetworks/devops-vnet1",
            "location": "eastus",
            "name": "devops-vnet1",
            "resource_group_name": "Devops-insider-rg-02",
            "subnet": [
              {
                "address_prefix": "10.0.1.0/24",
                "id": "/subscriptions/ad4bb360-da20-4e8d-ab1b-7ad25c72173a/resourceGroups/Devops-insider-rg-02/providers/Microsoft.Network/virtualNetworks/devops-vnet1/subnets/frontend-subnet01",
                "name": "frontend-subnet01",
                "security_group": ""
              },
              {
                "address_prefix": "10.0.2.0/24",
                "id": "/subscriptions/ad4bb360-da20-4e8d-ab1b-7ad25c72173a/resourceGroups/Devops-insider-rg-02/providers/Microsoft.Network/virtualNetworks/devops-vnet1/subnets/backend-subnet01",
                "name": "backend-subnet01",
                "security_group": ""
              }
            ],
            "tags": {},
            "timeouts": null
          },
          "sensitive_attributes": [],
          "private": "eyJlMmJmYjczMC1lY2FhLTExZTYtOGY4OC0zNDM2M2JjN2M0YzAiOnsiY3JlYXRlIjoxODAwMDAwMDAwMDAwLCJkZWxldGUiOjE4MDAwMDAwMDAwMDAsInJlYWQiOjMwMDAwMDAwMDAwMCwidXBkYXRlIjoxODAwMDAwMDAwMDAwfSwic2NoZW1hX3ZlcnNpb24iOiIwIn0="
        }
      ]
    }
  ],
  "check_results": null
}
